# This file is autogenerated, do not edit; changes may be undone by the next 'dep ensure'.


[[projects]]
  branch = "master"
  digest = "1:b372d1cf35d877c233c3632e679f9324d4e9d71d8c3126d8f0555e3d4e08bbbc"
  name = "github.com/CerviTalotekniikka/cervi-log"
  packages = ["."]
  pruneopts = "UT"
  revision = "95b9f915b6cd54227bd6ad579eb8fdba6482724b"

[solve-meta]
  analyzer-name = "dep"
  analyzer-version = 1
  input-imports = ["github.com/CerviTalotekniikka/cervi-log"]
  solver-name = "gps-cdcl"
  solver-version = 1
